
Microsoft Visual Studio Solution File, Format Version 12.00
# Visual Studio Version 17
VisualStudioVersion = 17.2.32630.192
MinimumVisualStudioVersion = 10.0.40219.1
Project("{FAE04EC0-301F-11D3-BF4B-00C04F79EFBC}") = "Proyect-Restaurant", "Proyect-Restaurant\Proyect-Restaurant.csproj", "{0401683C-33A3-45F2-9318-3BBFF7826859}"
EndProject
Project("{FAE04EC0-301F-11D3-BF4B-00C04F79EFBC}") = "Api", "Api\Api.csproj", "{AE1DBF68-B4C5-43C3-B4AB-5291A817E3FE}"
EndProject
Project("{FAE04EC0-301F-11D3-BF4B-00C04F79EFBC}") = "Application", "Application\Application.csproj", "{D7EB51A8-6678-45AF-AF36-6FBE769E4C06}"
EndProject
Global
	GlobalSection(SolutionConfigurationPlatforms) = preSolution
		Debug|Any CPU = Debug|Any CPU
		Release|Any CPU = Release|Any CPU
	EndGlobalSection
	GlobalSection(ProjectConfigurationPlatforms) = postSolution
		{0401683C-33A3-45F2-9318-3BBFF7826859}.Debug|Any CPU.ActiveCfg = Debug|Any CPU
		{0401683C-33A3-45F2-9318-3BBFF7826859}.Debug|Any CPU.Build.0 = Debug|Any CPU
		{0401683C-33A3-45F2-9318-3BBFF7826859}.Release|Any CPU.ActiveCfg = Release|Any CPU
		{0401683C-33A3-45F2-9318-3BBFF7826859}.Release|Any CPU.Build.0 = Release|Any CPU
		{AE1DBF68-B4C5-43C3-B4AB-5291A817E3FE}.Debug|Any CPU.ActiveCfg = Debug|Any CPU
		{AE1DBF68-B4C5-43C3-B4AB-5291A817E3FE}.Debug|Any CPU.Build.0 = Debug|Any CPU
		{AE1DBF68-B4C5-43C3-B4AB-5291A817E3FE}.Release|Any CPU.ActiveCfg = Release|Any CPU
		{AE1DBF68-B4C5-43C3-B4AB-5291A817E3FE}.Release|Any CPU.Build.0 = Release|Any CPU
		{D7EB51A8-6678-45AF-AF36-6FBE769E4C06}.Debug|Any CPU.ActiveCfg = Debug|Any CPU
		{D7EB51A8-6678-45AF-AF36-6FBE769E4C06}.Debug|Any CPU.Build.0 = Debug|Any CPU
		{D7EB51A8-6678-45AF-AF36-6FBE769E4C06}.Release|Any CPU.ActiveCfg = Release|Any CPU
		{D7EB51A8-6678-45AF-AF36-6FBE769E4C06}.Release|Any CPU.Build.0 = Release|Any CPU
	EndGlobalSection
	GlobalSection(SolutionProperties) = preSolution
		HideSolutionNode = FALSE
	EndGlobalSection
	GlobalSection(ExtensibilityGlobals) = postSolution
		SolutionGuid = {2B3D4E0A-16A3-4B80-AE4A-D7BACF37B514}
	EndGlobalSection
EndGlobal
